
Microsoft Visual Studio Solution File, Format Version 12.00
# Visual Studio Version 17
VisualStudioVersion = 17.5.33530.505
MinimumVisualStudioVersion = 10.0.40219.1
Project("{FAE04EC0-301F-11D3-BF4B-00C04F79EFBC}") = "Rehber_CF_EF_WinForm", "Rehber_CF_EF_WinForm\Rehber_CF_EF_WinForm.csproj", "{DE27E0D2-BF9C-4749-973C-30A6B859B1ED}"
EndProject
Global
	GlobalSection(SolutionConfigurationPlatforms) = preSolution
		Debug|Any CPU = Debug|Any CPU
		Release|Any CPU = Release|Any CPU
	EndGlobalSection
	GlobalSection(ProjectConfigurationPlatforms) = postSolution
		{DE27E0D2-BF9C-4749-973C-30A6B859B1ED}.Debug|Any CPU.ActiveCfg = Debug|Any CPU
		{DE27E0D2-BF9C-4749-973C-30A6B859B1ED}.Debug|Any CPU.Build.0 = Debug|Any CPU
		{DE27E0D2-BF9C-4749-973C-30A6B859B1ED}.Release|Any CPU.ActiveCfg = Release|Any CPU
		{DE27E0D2-BF9C-4749-973C-30A6B859B1ED}.Release|Any CPU.Build.0 = Release|Any CPU
	EndGlobalSection
	GlobalSection(SolutionProperties) = preSolution
		HideSolutionNode = FALSE
	EndGlobalSection
	GlobalSection(ExtensibilityGlobals) = postSolution
		SolutionGuid = {1684CB30-1F3F-4A05-8FCC-B2DA60AF71FD}
	EndGlobalSection
EndGlobal
